
Microsoft Visual Studio Solution File, Format Version 12.00
# Visual Studio 14
VisualStudioVersion = 14.0.25420.1
MinimumVisualStudioVersion = 10.0.40219.1
Project("{FAE04EC0-301F-11D3-BF4B-00C04F79EFBC}") = "SecondTask(String Format)", "SecondTask(String Format)\SecondTask(String Format).csproj", "{2A878112-247A-41C7-A40F-440DFB7D1A9B}"
EndProject
Global
	GlobalSection(SolutionConfigurationPlatforms) = preSolution
		Debug|Any CPU = Debug|Any CPU
		Release|Any CPU = Release|Any CPU
	EndGlobalSection
	GlobalSection(ProjectConfigurationPlatforms) = postSolution
		{2A878112-247A-41C7-A40F-440DFB7D1A9B}.Debug|Any CPU.ActiveCfg = Debug|Any CPU
		{2A878112-247A-41C7-A40F-440DFB7D1A9B}.Debug|Any CPU.Build.0 = Debug|Any CPU
		{2A878112-247A-41C7-A40F-440DFB7D1A9B}.Release|Any CPU.ActiveCfg = Release|Any CPU
		{2A878112-247A-41C7-A40F-440DFB7D1A9B}.Release|Any CPU.Build.0 = Release|Any CPU
	EndGlobalSection
	GlobalSection(SolutionProperties) = preSolution
		HideSolutionNode = FALSE
	EndGlobalSection
EndGlobal
